Microsoft Visual Studio Solution File, Format Version 12.00
# Visual Studio Version 17
VisualStudioVersion = 17.5.2.0
MinimumVisualStudioVersion = 10.0.40219.1
Project("{FAE04EC0-301F-11D3-BF4B-00C04F79EFBC}") = "amesto2", "amesto2.csproj", "{314AC8B8-99C0-5E72-E063-508F1560ECCF}"
EndProject
Global
	GlobalSection(SolutionConfigurationPlatforms) = preSolution
		Debug|Any CPU = Debug|Any CPU
		Release|Any CPU = Release|Any CPU
	EndGlobalSection
	GlobalSection(ProjectConfigurationPlatforms) = postSolution
		{314AC8B8-99C0-5E72-E063-508F1560ECCF}.Debug|Any CPU.ActiveCfg = Debug|Any CPU
		{314AC8B8-99C0-5E72-E063-508F1560ECCF}.Debug|Any CPU.Build.0 = Debug|Any CPU
		{314AC8B8-99C0-5E72-E063-508F1560ECCF}.Release|Any CPU.ActiveCfg = Release|Any CPU
		{314AC8B8-99C0-5E72-E063-508F1560ECCF}.Release|Any CPU.Build.0 = Release|Any CPU
	EndGlobalSection
	GlobalSection(SolutionProperties) = preSolution
		HideSolutionNode = FALSE
	EndGlobalSection
	GlobalSection(ExtensibilityGlobals) = postSolution
		SolutionGuid = {57674843-8206-4EAC-8DF1-8CFD62A4C746}
	EndGlobalSection
EndGlobal
